// !$*UTF8*$!
{
	archiveVersion = 1;
	classes = {
	};
	objectVersion = 56;
	objects = {

/* Begin PBXBuildFile section */
		4B7221552BA1FB3900E19AA5 /* SafeFlixApp.swift in Sources */ = {isa = PBXBuildFile; fileRef = 4B7221542BA1FB3900E19AA5 /* SafeFlixApp.swift */; };
		4B7221572BA1FB3900E19AA5 /* ContentView.swift in Sources */ = {isa = PBXBuildFile; fileRef = 4B7221562BA1FB3900E19AA5 /* ContentView.swift */; };
		4B7221592BA1FB3B00E19AA5 /* Assets.xcassets in Resources */ = {isa = PBXBuildFile; fileRef = 4B7221582BA1FB3B00E19AA5 /* Assets.xcassets */; };
		4B72215C2BA1FB3B00E19AA5 /* Preview Assets.xcassets in Resources */ = {isa = PBXBuildFile; fileRef = 4B72215B2BA1FB3B00E19AA5 /* Preview Assets.xcassets */; };
		4B7221662BA1FB3B00E19AA5 /* SafeFlixTests.swift in Sources */ = {isa = PBXBuildFile; fileRef = 4B7221652BA1FB3B00E19AA5 /* SafeFlixTests.swift */; };
		4B7221702BA1FB3B00E19AA5 /* SafeFlixUITests.swift in Sources */ = {isa = PBXBuildFile; fileRef = 4B72216F2BA1FB3B00E19AA5 /* SafeFlixUITests.swift */; };
		4B7221722BA1FB3B00E19AA5 /* SafeFlixUITestsLaunchTests.swift in Sources */ = {isa = PBXBuildFile; fileRef = 4B7221712BA1FB3B00E19AA5 /* SafeFlixUITestsLaunchTests.swift */; };
		4B72217F2BA1FBAE00E19AA5 /* MobileNetV2_AgePrediction.mlpackage in Sources */ = {isa = PBXBuildFile; fileRef = 4B72217E2BA1FBAE00E19AA5 /* MobileNetV2_AgePrediction.mlpackage */; };
		4B7221812BA2064000E19AA5 /* CameraView.swift in Sources */ = {isa = PBXBuildFile; fileRef = 4B7221802BA2064000E19AA5 /* CameraView.swift */; };
		4B7221832BA206EC00E19AA5 /* UIImage+prefixBuffer.swift in Sources */ = {isa = PBXBuildFile; fileRef = 4B7221822BA206EC00E19AA5 /* UIImage+prefixBuffer.swift */; };
		4B7221852BA2071300E19AA5 /* AgePredictor.swift in Sources */ = {isa = PBXBuildFile; fileRef = 4B7221842BA2071300E19AA5 /* AgePredictor.swift */; };
		4B7221872BA20CE700E19AA5 /* CameraViewController.swift in Sources */ = {isa = PBXBuildFile; fileRef = 4B7221862BA20CE700E19AA5 /* CameraViewController.swift */; };
/* End PBXBuildFile section */

/* Begin PBXContainerItemProxy section */
		4B7221622BA1FB3B00E19AA5 /* PBXContainerItemProxy */ = {
			isa = PBXContainerItemProxy;
			containerPortal = 4B7221492BA1FB3900E19AA5 /* Project object */;
			proxyType = 1;
			remoteGlobalIDString = 4B7221502BA1FB3900E19AA5;
			remoteInfo = SafeFlix;
		};
		4B72216C2BA1FB3B00E19AA5 /* PBXContainerItemProxy */ = {
			isa = PBXContainerItemProxy;
			containerPortal = 4B7221492BA1FB3900E19AA5 /* Project object */;
			proxyType = 1;
			remoteGlobalIDString = 4B7221502BA1FB3900E19AA5;
			remoteInfo = SafeFlix;
		};
/* End PBXContainerItemProxy section */

/* Begin PBXFileReference section */
		4B7221512BA1FB3900E19AA5 /* SafeFlix.app */ = {isa = PBXFileReference; explicitFileType = wrapper.application; includeInIndex = 0; path = SafeFlix.app; sourceTree = BUILT_PRODUCTS_DIR; };
		4B7221542BA1FB3900E19AA5 /* SafeFlixApp.swift */ = {isa = PBXFileReference; lastKnownFileType = sourcecode.swift; path = SafeFlixApp.swift; sourceTree = "<group>"; };
		4B7221562BA1FB3900E19AA5 /* ContentView.swift */ = {isa = PBXFileReference; lastKnownFileType = sourcecode.swift; path = ContentView.swift; sourceTree = "<group>"; };
		4B7221582BA1FB3B00E19AA5 /* Assets.xcassets */ = {isa = PBXFileReference; lastKnownFileType = folder.assetcatalog; path = Assets.xcassets; sourceTree = "<group>"; };
		4B72215B2BA1FB3B00E19AA5 /* Preview Assets.xcassets */ = {isa = PBXFileReference; lastKnownFileType = folder.assetcatalog; path = "Preview Assets.xcassets"; sourceTree = "<group>"; };
		4B7221612BA1FB3B00E19AA5 /* SafeFlixTests.xctest */ = {isa = PBXFileReference; explicitFileType = wrapper.cfbundle; includeInIndex = 0; path = SafeFlixTests.xctest; sourceTree = BUILT_PRODUCTS_DIR; };
		4B7221652BA1FB3B00E19AA5 /* SafeFlixTests.swift */ = {isa = PBXFileReference; lastKnownFileType = sourcecode.swift; path = SafeFlixTests.swift; sourceTree = "<group>"; };
		4B72216B2BA1FB3B00E19AA5 /* SafeFlixUITests.xctest */ = {isa = PBXFileReference; explicitFileType = wrapper.cfbundle; includeInIndex = 0; path = SafeFlixUITests.xctest; sourceTree = BUILT_PRODUCTS_DIR; };
		4B72216F2BA1FB3B00E19AA5 /* SafeFlixUITests.swift */ = {isa = PBXFileReference; lastKnownFileType = sourcecode.swift; path = SafeFlixUITests.swift; sourceTree = "<group>"; };
		4B7221712BA1FB3B00E19AA5 /* SafeFlixUITestsLaunchTests.swift */ = {isa = PBXFileReference; lastKnownFileType = sourcecode.swift; path = SafeFlixUITestsLaunchTests.swift; sourceTree = "<group>"; };
		4B72217E2BA1FBAE00E19AA5 /* MobileNetV2_AgePrediction.mlpackage */ = {isa = PBXFileReference; lastKnownFileType = folder.mlpackage; path = MobileNetV2_AgePrediction.mlpackage; sourceTree = "<group>"; };
		4B7221802BA2064000E19AA5 /* CameraView.swift */ = {isa = PBXFileReference; lastKnownFileType = sourcecode.swift; path = CameraView.swift; sourceTree = "<group>"; };
		4B7221822BA206EC00E19AA5 /* UIImage+prefixBuffer.swift */ = {isa = PBXFileReference; lastKnownFileType = sourcecode.swift; path = "UIImage+prefixBuffer.swift"; sourceTree = "<group>"; };
		4B7221842BA2071300E19AA5 /* AgePredictor.swift */ = {isa = PBXFileReference; lastKnownFileType = sourcecode.swift; path = AgePredictor.swift; sourceTree = "<group>"; };
		4B7221862BA20CE700E19AA5 /* CameraViewController.swift */ = {isa = PBXFileReference; lastKnownFileType = sourcecode.swift; path = CameraViewController.swift; sourceTree = "<group>"; };
/* End PBXFileReference section */

/* Begin PBXFrameworksBuildPhase section */
		4B72214E2BA1FB3900E19AA5 /* Frameworks */ = {
			isa = PBXFrameworksBuildPhase;
			buildActionMask = 2147483647;
			files = (
			);
			runOnlyForDeploymentPostprocessing = 0;
		};
		4B72215E2BA1FB3B00E19AA5 /* Frameworks */ = {
			isa = PBXFrameworksBuildPhase;
			buildActionMask = 2147483647;
			files = (
			);
			runOnlyForDeploymentPostprocessing = 0;
		};
		4B7221682BA1FB3B00E19AA5 /* Frameworks */ = {
			isa = PBXFrameworksBuildPhase;
			buildActionMask = 2147483647;
			files = (
			);
			runOnlyForDeploymentPostprocessing = 0;
		};
/* End PBXFrameworksBuildPhase section */

/* Begin PBXGroup section */
		4B7221482BA1FB3900E19AA5 = {
			isa = PBXGroup;
			children = (
				4B7221532BA1FB3900E19AA5 /* SafeFlix */,
				4B7221642BA1FB3B00E19AA5 /* SafeFlixTests */,
				4B72216E2BA1FB3B00E19AA5 /* SafeFlixUITests */,
				4B7221522BA1FB3900E19AA5 /* Products */,
			);
			sourceTree = "<group>";
		};
		4B7221522BA1FB3900E19AA5 /* Products */ = {
			isa = PBXGroup;
			children = (
				4B7221512BA1FB3900E19AA5 /* SafeFlix.app */,
				4B7221612BA1FB3B00E19AA5 /* SafeFlixTests.xctest */,
				4B72216B2BA1FB3B00E19AA5 /* SafeFlixUITests.xctest */,
			);
			name = Products;
			sourceTree = "<group>";
		};
		4B7221532BA1FB3900E19AA5 /* SafeFlix */ = {
			isa = PBXGroup;
			children = (
				4B72217E2BA1FBAE00E19AA5 /* MobileNetV2_AgePrediction.mlpackage */,
				4B7221542BA1FB3900E19AA5 /* SafeFlixApp.swift */,
				4B7221562BA1FB3900E19AA5 /* ContentView.swift */,
				4B7221582BA1FB3B00E19AA5 /* Assets.xcassets */,
				4B72215A2BA1FB3B00E19AA5 /* Preview Content */,
				4B7221802BA2064000E19AA5 /* CameraView.swift */,
				4B7221822BA206EC00E19AA5 /* UIImage+prefixBuffer.swift */,
				4B7221842BA2071300E19AA5 /* AgePredictor.swift */,
				4B7221862BA20CE700E19AA5 /* CameraViewController.swift */,
			);
			path = SafeFlix;
			sourceTree = "<group>";
		};
		4B72215A2BA1FB3B00E19AA5 /* Preview Content */ = {
			isa = PBXGroup;
			children = (
				4B72215B2BA1FB3B00E19AA5 /* Preview Assets.xcassets */,
			);
			path = "Preview Content";
			sourceTree = "<group>";
		};
		4B7221642BA1FB3B00E19AA5 /* SafeFlixTests */ = {
			isa = PBXGroup;
			children = (
				4B7221652BA1FB3B00E19AA5 /* SafeFlixTests.swift */,
			);
			path = SafeFlixTests;
			sourceTree = "<group>";
		};
		4B72216E2BA1FB3B00E19AA5 /* SafeFlixUITests */ = {
			isa = PBXGroup;
			children = (
				4B72216F2BA1FB3B00E19AA5 /* SafeFlixUITests.swift */,
				4B7221712BA1FB3B00E19AA5 /* SafeFlixUITestsLaunchTests.swift */,
			);
			path = SafeFlixUITests;
			sourceTree = "<group>";
		};
/* End PBXGroup section */

/* Begin PBXNativeTarget section */
		4B7221502BA1FB3900E19AA5 /* SafeFlix */ = {
			isa = PBXNativeTarget;
			buildConfigurationList = 4B7221752BA1FB3B00E19AA5 /* Build configuration list for PBXNativeTarget "SafeFlix" */;
			buildPhases = (
				4B72214D2BA1FB3900E19AA5 /* Sources */,
				4B72214E2BA1FB3900E19AA5 /* Frameworks */,
				4B72214F2BA1FB3900E19AA5 /* Resources */,
			);
			buildRules = (
			);
			dependencies = (
			);
			name = SafeFlix;
			productName = SafeFlix;
			productReference = 4B7221512BA1FB3900E19AA5 /* SafeFlix.app */;
			productType = "com.apple.product-type.application";
		};
		4B7221602BA1FB3B00E19AA5 /* SafeFlixTests */ = {
			isa = PBXNativeTarget;
			buildConfigurationList = 4B7221782BA1FB3B00E19AA5 /* Build configuration list for PBXNativeTarget "SafeFlixTests" */;
			buildPhases = (
				4B72215D2BA1FB3B00E19AA5 /* Sources */,
				4B72215E2BA1FB3B00E19AA5 /* Frameworks */,
				4B72215F2BA1FB3B00E19AA5 /* Resources */,
			);
			buildRules = (
			);
			dependencies = (
				4B7221632BA1FB3B00E19AA5 /* PBXTargetDependency */,
			);
			name = SafeFlixTests;
			productName = SafeFlixTests;
			productReference = 4B7221612BA1FB3B00E19AA5 /* SafeFlixTests.xctest */;
			productType = "com.apple.product-type.bundle.unit-test";
		};
		4B72216A2BA1FB3B00E19AA5 /* SafeFlixUITests */ = {
			isa = PBXNativeTarget;
			buildConfigurationList = 4B72217B2BA1FB3B00E19AA5 /* Build configuration list for PBXNativeTarget "SafeFlixUITests" */;
			buildPhases = (
				4B7221672BA1FB3B00E19AA5 /* Sources */,
				4B7221682BA1FB3B00E19AA5 /* Frameworks */,
				4B7221692BA1FB3B00E19AA5 /* Resources */,
			);
			buildRules = (
			);
			dependencies = (
				4B72216D2BA1FB3B00E19AA5 /* PBXTargetDependency */,
			);
			name = SafeFlixUITests;
			productName = SafeFlixUITests;
			productReference = 4B72216B2BA1FB3B00E19AA5 /* SafeFlixUITests.xctest */;
			productType = "com.apple.product-type.bundle.ui-testing";
		};
/* End PBXNativeTarget section */

/* Begin PBXProject section */
		4B7221492BA1FB3900E19AA5 /* Project object */ = {
			isa = PBXProject;
			attributes = {
				BuildIndependentTargetsInParallel = 1;
				LastSwiftUpdateCheck = 1530;
				LastUpgradeCheck = 1530;
				TargetAttributes = {
					4B7221502BA1FB3900E19AA5 = {
						CreatedOnToolsVersion = 15.3;
					};
					4B7221602BA1FB3B00E19AA5 = {
						CreatedOnToolsVersion = 15.3;
						TestTargetID = 4B7221502BA1FB3900E19AA5;
					};
					4B72216A2BA1FB3B00E19AA5 = {
						CreatedOnToolsVersion = 15.3;
						TestTargetID = 4B7221502BA1FB3900E19AA5;
					};
				};
			};
			buildConfigurationList = 4B72214C2BA1FB3900E19AA5 /* Build configuration list for PBXProject "SafeFlix" */;
			compatibilityVersion = "Xcode 14.0";
			developmentRegion = en;
			hasScannedForEncodings = 0;
			knownRegions = (
				en,
				Base,
			);
			mainGroup = 4B7221482BA1FB3900E19AA5;
			productRefGroup = 4B7221522BA1FB3900E19AA5 /* Products */;
			projectDirPath = "";
			projectRoot = "";
			targets = (
				4B7221502BA1FB3900E19AA5 /* SafeFlix */,
				4B7221602BA1FB3B00E19AA5 /* SafeFlixTests */,
				4B72216A2BA1FB3B00E19AA5 /* SafeFlixUITests */,
			);
		};
/* End PBXProject section */

/* Begin PBXResourcesBuildPhase section */
		4B72214F2BA1FB3900E19AA5 /* Resources */ = {
			isa = PBXResourcesBuildPhase;
			buildActionMask = 2147483647;
			files = (
				4B72215C2BA1FB3B00E19AA5 /* Preview Assets.xcassets in Resources */,
				4B7221592BA1FB3B00E19AA5 /* Assets.xcassets in Resources */,
			);
			runOnlyForDeploymentPostprocessing = 0;
		};
		4B72215F2BA1FB3B00E19AA5 /* Resources */ = {
			isa = PBXResourcesBuildPhase;
			buildActionMask = 2147483647;
			files = (
			);
			runOnlyForDeploymentPostprocessing = 0;
		};
		4B7221692BA1FB3B00E19AA5 /* Resources */ = {
			isa = PBXResourcesBuildPhase;
			buildActionMask = 2147483647;
			files = (
			);
			runOnlyForDeploymentPostprocessing = 0;
		};
/* End PBXResourcesBuildPhase section */

/* Begin PBXSourcesBuildPhase section */
		4B72214D2BA1FB3900E19AA5 /* Sources */ = {
			isa = PBXSourcesBuildPhase;
			buildActionMask = 2147483647;
			files = (
				4B72217F2BA1FBAE00E19AA5 /* MobileNetV2_AgePrediction.mlpackage in Sources */,
				4B7221832BA206EC00E19AA5 /* UIImage+prefixBuffer.swift in Sources */,
				4B7221572BA1FB3900E19AA5 /* ContentView.swift in Sources */,
				4B7221552BA1FB3900E19AA5 /* SafeFlixApp.swift in Sources */,
				4B7221872BA20CE700E19AA5 /* CameraViewController.swift in Sources */,
				4B7221852BA2071300E19AA5 /* AgePredictor.swift in Sources */,
				4B7221812BA2064000E19AA5 /* CameraView.swift in Sources */,
			);
			runOnlyForDeploymentPostprocessing = 0;
		};
		4B72215D2BA1FB3B00E19AA5 /* Sources */ = {
			isa = PBXSourcesBuildPhase;
			buildActionMask = 2147483647;
			files = (
				4B7221662BA1FB3B00E19AA5 /* SafeFlixTests.swift in Sources */,
			);
			runOnlyForDeploymentPostprocessing = 0;
		};
		4B7221672BA1FB3B00E19AA5 /* Sources */ = {
			isa = PBXSourcesBuildPhase;
			buildActionMask = 2147483647;
			files = (
				4B7221722BA1FB3B00E19AA5 /* SafeFlixUITestsLaunchTests.swift in Sources */,
				4B7221702BA1FB3B00E19AA5 /* SafeFlixUITests.swift in Sources */,
			);
			runOnlyForDeploymentPostprocessing = 0;
		};
/* End PBXSourcesBuildPhase section */

/* Begin PBXTargetDependency section */
		4B7221632BA1FB3B00E19AA5 /* PBXTargetDependency */ = {
			isa = PBXTargetDependency;
			target = 4B7221502BA1FB3900E19AA5 /* SafeFlix */;
			targetProxy = 4B7221622BA1FB3B00E19AA5 /* PBXContainerItemProxy */;
		};
		4B72216D2BA1FB3B00E19AA5 /* PBXTargetDependency */ = {
			isa = PBXTargetDependency;
			target = 4B7221502BA1FB3900E19AA5 /* SafeFlix */;
			targetProxy = 4B72216C2BA1FB3B00E19AA5 /* PBXContainerItemProxy */;
		};
/* End PBXTargetDependency section */

/* Begin XCBuildConfiguration section */
		4B7221732BA1FB3B00E19AA5 /* Debug */ = {
			isa = XCBuildConfiguration;
			buildSettings = {
				ALWAYS_SEARCH_USER_PATHS = NO;
				ASSETCATALOG_COMPILER_GENERATE_SWIFT_ASSET_SYMBOL_EXTENSIONS = YES;
				CLANG_ANALYZER_NONNULL = YES;
				CLANG_ANALYZER_NUMBER_OBJECT_CONVERSION = YES_AGGRESSIVE;
				CLANG_CXX_LANGUAGE_STANDARD = "gnu++20";
				CLANG_ENABLE_MODULES = YES;
				CLANG_ENABLE_OBJC_ARC = YES;
				CLANG_ENABLE_OBJC_WEAK = YES;
				CLANG_WARN_BLOCK_CAPTURE_AUTORELEASING = YES;
				CLANG_WARN_BOOL_CONVERSION = YES;
				CLANG_WARN_COMMA = YES;
				CLANG_WARN_CONSTANT_CONVERSION = YES;
				CLANG_WARN_DEPRECATED_OBJC_IMPLEMENTATIONS = YES;
				CLANG_WARN_DIRECT_OBJC_ISA_USAGE = YES_ERROR;
				CLANG_WARN_DOCUMENTATION_COMMENTS = YES;
				CLANG_WARN_EMPTY_BODY = YES;
				CLANG_WARN_ENUM_CONVERSION = YES;
				CLANG_WARN_INFINITE_RECURSION = YES;
				CLANG_WARN_INT_CONVERSION = YES;
				CLANG_WARN_NON_LITERAL_NULL_CONVERSION = YES;
				CLANG_WARN_OBJC_IMPLICIT_RETAIN_SELF = YES;
				CLANG_WARN_OBJC_LITERAL_CONVERSION = YES;
				CLANG_WARN_OBJC_ROOT_CLASS = YES_ERROR;
				CLANG_WARN_QUOTED_INCLUDE_IN_FRAMEWORK_HEADER = YES;
				CLANG_WARN_RANGE_LOOP_ANALYSIS = YES;
				CLANG_WARN_STRICT_PROTOTYPES = YES;
				CLANG_WARN_SUSPICIOUS_MOVE = YES;
				CLANG_WARN_UNGUARDED_AVAILABILITY = YES_AGGRESSIVE;
				CLANG_WARN_UNREACHABLE_CODE = YES;
				CLANG_WARN__DUPLICATE_METHOD_MATCH = YES;
				COPY_PHASE_STRIP = NO;
				DEBUG_INFORMATION_FORMAT = dwarf;
				ENABLE_STRICT_OBJC_MSGSEND = YES;
				ENABLE_TESTABILITY = YES;
				ENABLE_USER_SCRIPT_SANDBOXING = YES;
				GCC_C_LANGUAGE_STANDARD = gnu17;
				GCC_DYNAMIC_NO_PIC = NO;
				GCC_NO_COMMON_BLOCKS = YES;
				GCC_OPTIMIZATION_LEVEL = 0;
				GCC_PREPROCESSOR_DEFINITIONS = (
					"DEBUG=1",
					"$(inherited)",
				);
				GCC_WARN_64_TO_32_BIT_CONVERSION = YES;
				GCC_WARN_ABOUT_RETURN_TYPE = YES_ERROR;
				GCC_WARN_UNDECLARED_SELECTOR = YES;
				GCC_WARN_UNINITIALIZED_AUTOS = YES_AGGRESSIVE;
				GCC_WARN_UNUSED_FUNCTION = YES;
				GCC_WARN_UNUSED_VARIABLE = YES;
				IPHONEOS_DEPLOYMENT_TARGET = 17.4;
				LOCALIZATION_PREFERS_STRING_CATALOGS = YES;
				MTL_ENABLE_DEBUG_INFO = INCLUDE_SOURCE;
				MTL_FAST_MATH = YES;
				ONLY_ACTIVE_ARCH = YES;
				SDKROOT = iphoneos;
				SWIFT_ACTIVE_COMPILATION_CONDITIONS = "DEBUG $(inherited)";
				SWIFT_OPTIMIZATION_LEVEL = "-Onone";
			};
			name = Debug;
		};
		4B7221742BA1FB3B00E19AA5 /* Release */ = {
			isa = XCBuildConfiguration;
			buildSettings = {
				ALWAYS_SEARCH_USER_PATHS = NO;
				ASSETCATALOG_COMPILER_GENERATE_SWIFT_ASSET_SYMBOL_EXTENSIONS = YES;
				CLANG_ANALYZER_NONNULL = YES;
				CLANG_ANALYZER_NUMBER_OBJECT_CONVERSION = YES_AGGRESSIVE;
				CLANG_CXX_LANGUAGE_STANDARD = "gnu++20";
				CLANG_ENABLE_MODULES = YES;
				CLANG_ENABLE_OBJC_ARC = YES;
				CLANG_ENABLE_OBJC_WEAK = YES;
				CLANG_WARN_BLOCK_CAPTURE_AUTORELEASING = YES;
				CLANG_WARN_BOOL_CONVERSION = YES;
				CLANG_WARN_COMMA = YES;
				CLANG_WARN_CONSTANT_CONVERSION = YES;
				CLANG_WARN_DEPRECATED_OBJC_IMPLEMENTATIONS = YES;
				CLANG_WARN_DIRECT_OBJC_ISA_USAGE = YES_ERROR;
				CLANG_WARN_DOCUMENTATION_COMMENTS = YES;
				CLANG_WARN_EMPTY_BODY = YES;
				CLANG_WARN_ENUM_CONVERSION = YES;
				CLANG_WARN_INFINITE_RECURSION = YES;
				CLANG_WARN_INT_CONVERSION = YES;
				CLANG_WARN_NON_LITERAL_NULL_CONVERSION = YES;
				CLANG_WARN_OBJC_IMPLICIT_RETAIN_SELF = YES;
				CLANG_WARN_OBJC_LITERAL_CONVERSION = YES;
				CLANG_WARN_OBJC_ROOT_CLASS = YES_ERROR;
				CLANG_WARN_QUOTED_INCLUDE_IN_FRAMEWORK_HEADER = YES;
				CLANG_WARN_RANGE_LOOP_ANALYSIS = YES;
				CLANG_WARN_STRICT_PROTOTYPES = YES;
				CLANG_WARN_SUSPICIOUS_MOVE = YES;
				CLANG_WARN_UNGUARDED_AVAILABILITY = YES_AGGRESSIVE;
				CLANG_WARN_UNREACHABLE_CODE = YES;
				CLANG_WARN__DUPLICATE_METHOD_MATCH = YES;
				COPY_PHASE_STRIP = NO;
				DEBUG_INFORMATION_FORMAT = "dwarf-with-dsym";
				ENABLE_NS_ASSERTIONS = NO;
				ENABLE_STRICT_OBJC_MSGSEND = YES;
				ENABLE_USER_SCRIPT_SANDBOXING = YES;
				GCC_C_LANGUAGE_STANDARD = gnu17;
				GCC_NO_COMMON_BLOCKS = YES;
				GCC_WARN_64_TO_32_BIT_CONVERSION = YES;
				GCC_WARN_ABOUT_RETURN_TYPE = YES_ERROR;
				GCC_WARN_UNDECLARED_SELECTOR = YES;
				GCC_WARN_UNINITIALIZED_AUTOS = YES_AGGRESSIVE;
				GCC_WARN_UNUSED_FUNCTION = YES;
				GCC_WARN_UNUSED_VARIABLE = YES;
				IPHONEOS_DEPLOYMENT_TARGET = 17.4;
				LOCALIZATION_PREFERS_STRING_CATALOGS = YES;
				MTL_ENABLE_DEBUG_INFO = NO;
				MTL_FAST_MATH = YES;
				SDKROOT = iphoneos;
				SWIFT_COMPILATION_MODE = wholemodule;
				VALIDATE_PRODUCT = YES;
			};
			name = Release;
		};
		4B7221762BA1FB3B00E19AA5 /* Debug */ = {
			isa = XCBuildConfiguration;
			buildSettings = {
				ASSETCATALOG_COMPILER_APPICON_NAME = AppIcon;
				ASSETCATALOG_COMPILER_GLOBAL_ACCENT_COLOR_NAME = AccentColor;
				CODE_SIGN_STYLE = Automatic;
				CURRENT_PROJECT_VERSION = 1;
				DEVELOPMENT_ASSET_PATHS = "\"SafeFlix/Preview Content\"";
				DEVELOPMENT_TEAM = 39B633LG23;
				ENABLE_PREVIEWS = YES;
				GENERATE_INFOPLIST_FILE = YES;
				INFOPLIST_KEY_NSCameraUsageDescription = "This app need to access your camera to predict your age matching the film's rating";
				INFOPLIST_KEY_UIApplicationSceneManifest_Generation = YES;
				INFOPLIST_KEY_UIApplicationSupportsIndirectInputEvents = YES;
				INFOPLIST_KEY_UILaunchScreen_Generation = YES;
				INFOPLIST_KEY_UISupportedInterfaceOrientations_iPad = "UIInterfaceOrientationPortrait UIInterfaceOrientationPortraitUpsideDown UIInterfaceOrientationLandscapeLeft UIInterfaceOrientationLandscapeRight";
				INFOPLIST_KEY_UISupportedInterfaceOrientations_iPhone = "UIInterfaceOrientationPortrait UIInterfaceOrientationLandscapeLeft UIInterfaceOrientationLandscapeRight";
				IPHONEOS_DEPLOYMENT_TARGET = 17.0;
				LD_RUNPATH_SEARCH_PATHS = (
					"$(inherited)",
					"@executable_path/Frameworks",
				);
				MARKETING_VERSION = 1.0;
				PRODUCT_BUNDLE_IDENTIFIER = com.irhamnaufal8.SafeFlix;
				PRODUCT_NAME = "$(TARGET_NAME)";
				SWIFT_EMIT_LOC_STRINGS = YES;
				SWIFT_VERSION = 5.0;
				TARGETED_DEVICE_FAMILY = "1,2";
			};
			name = Debug;
		};
		4B7221772BA1FB3B00E19AA5 /* Release */ = {
			isa = XCBuildConfiguration;
			buildSettings = {
				ASSETCATALOG_COMPILER_APPICON_NAME = AppIcon;
				ASSETCATALOG_COMPILER_GLOBAL_ACCENT_COLOR_NAME = AccentColor;
				CODE_SIGN_STYLE = Automatic;
				CURRENT_PROJECT_VERSION = 1;
				DEVELOPMENT_ASSET_PATHS = "\"SafeFlix/Preview Content\"";
				DEVELOPMENT_TEAM = 39B633LG23;
				ENABLE_PREVIEWS = YES;
				GENERATE_INFOPLIST_FILE = YES;
				INFOPLIST_KEY_NSCameraUsageDescription = "This app need to access your camera to predict your age matching the film's rating";
				INFOPLIST_KEY_UIApplicationSceneManifest_Generation = YES;
				INFOPLIST_KEY_UIApplicationSupportsIndirectInputEvents = YES;
				INFOPLIST_KEY_UILaunchScreen_Generation = YES;
				INFOPLIST_KEY_UISupportedInterfaceOrientations_iPad = "UIInterfaceOrientationPortrait UIInterfaceOrientationPortraitUpsideDown UIInterfaceOrientationLandscapeLeft UIInterfaceOrientationLandscapeRight";
				INFOPLIST_KEY_UISupportedInterfaceOrientations_iPhone = "UIInterfaceOrientationPortrait UIInterfaceOrientationLandscapeLeft UIInterfaceOrientationLandscapeRight";
				IPHONEOS_DEPLOYMENT_TARGET = 17.0;
				LD_RUNPATH_SEARCH_PATHS = (
					"$(inherited)",
					"@executable_path/Frameworks",
				);
				MARKETING_VERSION = 1.0;
				PRODUCT_BUNDLE_IDENTIFIER = com.irhamnaufal8.SafeFlix;
				PRODUCT_NAME = "$(TARGET_NAME)";
				SWIFT_EMIT_LOC_STRINGS = YES;
				SWIFT_VERSION = 5.0;
				TARGETED_DEVICE_FAMILY = "1,2";
			};
			name = Release;
		};
		4B7221792BA1FB3B00E19AA5 /* Debug */ = {
			isa = XCBuildConfiguration;
			buildSettings = {
				ALWAYS_EMBED_SWIFT_STANDARD_LIBRARIES = YES;
				BUNDLE_LOADER = "$(TEST_HOST)";
				CODE_SIGN_STYLE = Automatic;
				CURRENT_PROJECT_VERSION = 1;
				DEVELOPMENT_TEAM = 39B633LG23;
				GENERATE_INFOPLIST_FILE = YES;
				IPHONEOS_DEPLOYMENT_TARGET = 17.4;
				MARKETING_VERSION = 1.0;
				PRODUCT_BUNDLE_IDENTIFIER = com.irhamnaufal8.SafeFlixTests;
				PRODUCT_NAME = "$(TARGET_NAME)";
				SWIFT_EMIT_LOC_STRINGS = NO;
				SWIFT_VERSION = 5.0;
				TARGETED_DEVICE_FAMILY = "1,2";
				TEST_HOST = "$(BUILT_PRODUCTS_DIR)/SafeFlix.app/$(BUNDLE_EXECUTABLE_FOLDER_PATH)/SafeFlix";
			};
			name = Debug;
		};
		4B72217A2BA1FB3B00E19AA5 /* Release */ = {
			isa = XCBuildConfiguration;
			buildSettings = {
				ALWAYS_EMBED_SWIFT_STANDARD_LIBRARIES = YES;
				BUNDLE_LOADER = "$(TEST_HOST)";
				CODE_SIGN_STYLE = Automatic;
				CURRENT_PROJECT_VERSION = 1;
				DEVELOPMENT_TEAM = 39B633LG23;
				GENERATE_INFOPLIST_FILE = YES;
				IPHONEOS_DEPLOYMENT_TARGET = 17.4;
				MARKETING_VERSION = 1.0;
				PRODUCT_BUNDLE_IDENTIFIER = com.irhamnaufal8.SafeFlixTests;
				PRODUCT_NAME = "$(TARGET_NAME)";
				SWIFT_EMIT_LOC_STRINGS = NO;
				SWIFT_VERSION = 5.0;
				TARGETED_DEVICE_FAMILY = "1,2";
				TEST_HOST = "$(BUILT_PRODUCTS_DIR)/SafeFlix.app/$(BUNDLE_EXECUTABLE_FOLDER_PATH)/SafeFlix";
			};
			name = Release;
		};
		4B72217C2BA1FB3B00E19AA5 /* Debug */ = {
			isa = XCBuildConfiguration;
			buildSettings = {
				ALWAYS_EMBED_SWIFT_STANDARD_LIBRARIES = YES;
				CODE_SIGN_STYLE = Automatic;
				CURRENT_PROJECT_VERSION = 1;
				DEVELOPMENT_TEAM = 39B633LG23;
				GENERATE_INFOPLIST_FILE = YES;
				MARKETING_VERSION = 1.0;
				PRODUCT_BUNDLE_IDENTIFIER = com.irhamnaufal8.SafeFlixUITests;
				PRODUCT_NAME = "$(TARGET_NAME)";
				SWIFT_EMIT_LOC_STRINGS = NO;
				SWIFT_VERSION = 5.0;
				TARGETED_DEVICE_FAMILY = "1,2";
				TEST_TARGET_NAME = SafeFlix;
			};
			name = Debug;
		};
		4B72217D2BA1FB3B00E19AA5 /* Release */ = {
			isa = XCBuildConfiguration;
			buildSettings = {
				ALWAYS_EMBED_SWIFT_STANDARD_LIBRARIES = YES;
				CODE_SIGN_STYLE = Automatic;
				CURRENT_PROJECT_VERSION = 1;
				DEVELOPMENT_TEAM = 39B633LG23;
				GENERATE_INFOPLIST_FILE = YES;
				MARKETING_VERSION = 1.0;
				PRODUCT_BUNDLE_IDENTIFIER = com.irhamnaufal8.SafeFlixUITests;
				PRODUCT_NAME = "$(TARGET_NAME)";
				SWIFT_EMIT_LOC_STRINGS = NO;
				SWIFT_VERSION = 5.0;
				TARGETED_DEVICE_FAMILY = "1,2";
				TEST_TARGET_NAME = SafeFlix;
			};
			name = Release;
		};
/* End XCBuildConfiguration section */

/* Begin XCConfigurationList section */
		4B72214C2BA1FB3900E19AA5 /* Build configuration list for PBXProject "SafeFlix" */ = {
			isa = XCConfigurationList;
			buildConfigurations = (
				4B7221732BA1FB3B00E19AA5 /* Debug */,
				4B7221742BA1FB3B00E19AA5 /* Release */,
			);
			defaultConfigurationIsVisible = 0;
			defaultConfigurationName = Release;
		};
		4B7221752BA1FB3B00E19AA5 /* Build configuration list for PBXNativeTarget "SafeFlix" */ = {
			isa = XCConfigurationList;
			buildConfigurations = (
				4B7221762BA1FB3B00E19AA5 /* Debug */,
				4B7221772BA1FB3B00E19AA5 /* Release */,
			);
			defaultConfigurationIsVisible = 0;
			defaultConfigurationName = Release;
		};
		4B7221782BA1FB3B00E19AA5 /* Build configuration list for PBXNativeTarget "SafeFlixTests" */ = {
			isa = XCConfigurationList;
			buildConfigurations = (
				4B7221792BA1FB3B00E19AA5 /* Debug */,
				4B72217A2BA1FB3B00E19AA5 /* Release */,
			);
			defaultConfigurationIsVisible = 0;
			defaultConfigurationName = Release;
		};
		4B72217B2BA1FB3B00E19AA5 /* Build configuration list for PBXNativeTarget "SafeFlixUITests" */ = {
			isa = XCConfigurationList;
			buildConfigurations = (
				4B72217C2BA1FB3B00E19AA5 /* Debug */,
				4B72217D2BA1FB3B00E19AA5 /* Release */,
			);
			defaultConfigurationIsVisible = 0;
			defaultConfigurationName = Release;
		};
/* End XCConfigurationList section */
	};
	rootObject = 4B7221492BA1FB3900E19AA5 /* Project object */;
}
